
Microsoft Visual Studio Solution File, Format Version 12.00
# Visual Studio 15
VisualStudioVersion = 15.0.26124.0
MinimumVisualStudioVersion = 15.0.26124.0
Project("{2150E333-8FDC-42A3-9474-1A3956D46DE8}") = "src", "src", "{8EA4DFFF-4161-415A-B2AC-07F30CBFCDFD}"
EndProject
Project("{2150E333-8FDC-42A3-9474-1A3956D46DE8}") = "common", "common", "{9CC5AAA4-B420-4A36-A45B-5A4EDAF60C0A}"
EndProject
Project("{2150E333-8FDC-42A3-9474-1A3956D46DE8}") = "host", "host", "{A17992B0-0D9D-4664-96FB-572EC793A0B1}"
EndProject
Project("{9A19103F-16F7-4668-BE54-9A1E7A4F7556}") = "Bapatla.CMS.WebApi", "src\host\webapi\Bapatla.CMS.WebApi.csproj", "{A4E92CF8-CB3B-4584-83EC-1703C56CBBFD}"
EndProject
Project("{2150E333-8FDC-42A3-9474-1A3956D46DE8}") = "services", "services", "{C69AEC66-54EC-410A-87A4-AF987CC948AB}"
EndProject
Project("{9A19103F-16F7-4668-BE54-9A1E7A4F7556}") = "Bapatla.CMS.Services", "src\services\domainsvc\Bapatla.CMS.Services.csproj", "{51925417-1C31-41D9-95FC-F7200D15FB60}"
EndProject
Project("{9A19103F-16F7-4668-BE54-9A1E7A4F7556}") = "Bapatla.CMS.Repo", "src\services\repository\Bapatla.CMS.Repo.csproj", "{ACC2C526-321C-4E77-AD09-191A63666834}"
EndProject
Project("{9A19103F-16F7-4668-BE54-9A1E7A4F7556}") = "Bapatla.CMS.Model", "src\services\Model\Bapatla.CMS.Model.csproj", "{31718324-9F73-4C0A-830F-76A6631A8ED0}"
EndProject
Project("{9A19103F-16F7-4668-BE54-9A1E7A4F7556}") = "Bapatla.CMS.Contract", "src\common\contract\Bapatla.CMS.Contract.csproj", "{CFD22A08-224E-4BB1-93D8-9619D1148190}"
EndProject
Project("{2150E333-8FDC-42A3-9474-1A3956D46DE8}") = "contract", "contract", "{0432782B-09CC-4AAC-9885-DED29692D6D0}"
EndProject
Project("{2150E333-8FDC-42A3-9474-1A3956D46DE8}") = "core", "core", "{1E8F6A98-BB6E-4DF4-B398-24917CD513BE}"
EndProject
Project("{FAE04EC0-301F-11D3-BF4B-00C04F79EFBC}") = "Bapatla.CMS.Core.Base", "src\common\core\basic\Bapatla.CMS.Core.Base\Bapatla.CMS.Core.Base.csproj", "{8F223E90-5CD0-4E69-BAF5-23D77DC6EE3E}"
EndProject
Project("{FAE04EC0-301F-11D3-BF4B-00C04F79EFBC}") = "Bapatla.CMS.Core.Repository", "src\common\core\repository\Bapatla.CMS.Core.Repository\Bapatla.CMS.Core.Repository.csproj", "{FC6E9894-BA89-451D-8151-F786FED2DDF0}"
EndProject
Global
	GlobalSection(SolutionConfigurationPlatforms) = preSolution
		Debug|Any CPU = Debug|Any CPU
		Debug|x64 = Debug|x64
		Debug|x86 = Debug|x86
		Release|Any CPU = Release|Any CPU
		Release|x64 = Release|x64
		Release|x86 = Release|x86
	EndGlobalSection
	GlobalSection(ProjectConfigurationPlatforms) = postSolution
		{A4E92CF8-CB3B-4584-83EC-1703C56CBBFD}.Debug|Any CPU.ActiveCfg = Debug|Any CPU
		{A4E92CF8-CB3B-4584-83EC-1703C56CBBFD}.Debug|Any CPU.Build.0 = Debug|Any CPU
		{A4E92CF8-CB3B-4584-83EC-1703C56CBBFD}.Debug|x64.ActiveCfg = Debug|Any CPU
		{A4E92CF8-CB3B-4584-83EC-1703C56CBBFD}.Debug|x64.Build.0 = Debug|Any CPU
		{A4E92CF8-CB3B-4584-83EC-1703C56CBBFD}.Debug|x86.ActiveCfg = Debug|Any CPU
		{A4E92CF8-CB3B-4584-83EC-1703C56CBBFD}.Debug|x86.Build.0 = Debug|Any CPU
		{A4E92CF8-CB3B-4584-83EC-1703C56CBBFD}.Release|Any CPU.ActiveCfg = Release|Any CPU
		{A4E92CF8-CB3B-4584-83EC-1703C56CBBFD}.Release|Any CPU.Build.0 = Release|Any CPU
		{A4E92CF8-CB3B-4584-83EC-1703C56CBBFD}.Release|x64.ActiveCfg = Release|Any CPU
		{A4E92CF8-CB3B-4584-83EC-1703C56CBBFD}.Release|x64.Build.0 = Release|Any CPU
		{A4E92CF8-CB3B-4584-83EC-1703C56CBBFD}.Release|x86.ActiveCfg = Release|Any CPU
		{A4E92CF8-CB3B-4584-83EC-1703C56CBBFD}.Release|x86.Build.0 = Release|Any CPU
		{51925417-1C31-41D9-95FC-F7200D15FB60}.Debug|Any CPU.ActiveCfg = Debug|Any CPU
		{51925417-1C31-41D9-95FC-F7200D15FB60}.Debug|Any CPU.Build.0 = Debug|Any CPU
		{51925417-1C31-41D9-95FC-F7200D15FB60}.Debug|x64.ActiveCfg = Debug|Any CPU
		{51925417-1C31-41D9-95FC-F7200D15FB60}.Debug|x64.Build.0 = Debug|Any CPU
		{51925417-1C31-41D9-95FC-F7200D15FB60}.Debug|x86.ActiveCfg = Debug|Any CPU
		{51925417-1C31-41D9-95FC-F7200D15FB60}.Debug|x86.Build.0 = Debug|Any CPU
		{51925417-1C31-41D9-95FC-F7200D15FB60}.Release|Any CPU.ActiveCfg = Release|Any CPU
		{51925417-1C31-41D9-95FC-F7200D15FB60}.Release|Any CPU.Build.0 = Release|Any CPU
		{51925417-1C31-41D9-95FC-F7200D15FB60}.Release|x64.ActiveCfg = Release|Any CPU
		{51925417-1C31-41D9-95FC-F7200D15FB60}.Release|x64.Build.0 = Release|Any CPU
		{51925417-1C31-41D9-95FC-F7200D15FB60}.Release|x86.ActiveCfg = Release|Any CPU
		{51925417-1C31-41D9-95FC-F7200D15FB60}.Release|x86.Build.0 = Release|Any CPU
		{ACC2C526-321C-4E77-AD09-191A63666834}.Debug|Any CPU.ActiveCfg = Debug|Any CPU
		{ACC2C526-321C-4E77-AD09-191A63666834}.Debug|Any CPU.Build.0 = Debug|Any CPU
		{ACC2C526-321C-4E77-AD09-191A63666834}.Debug|x64.ActiveCfg = Debug|Any CPU
		{ACC2C526-321C-4E77-AD09-191A63666834}.Debug|x64.Build.0 = Debug|Any CPU
		{ACC2C526-321C-4E77-AD09-191A63666834}.Debug|x86.ActiveCfg = Debug|Any CPU
		{ACC2C526-321C-4E77-AD09-191A63666834}.Debug|x86.Build.0 = Debug|Any CPU
		{ACC2C526-321C-4E77-AD09-191A63666834}.Release|Any CPU.ActiveCfg = Release|Any CPU
		{ACC2C526-321C-4E77-AD09-191A63666834}.Release|Any CPU.Build.0 = Release|Any CPU
		{ACC2C526-321C-4E77-AD09-191A63666834}.Release|x64.ActiveCfg = Release|Any CPU
		{ACC2C526-321C-4E77-AD09-191A63666834}.Release|x64.Build.0 = Release|Any CPU
		{ACC2C526-321C-4E77-AD09-191A63666834}.Release|x86.ActiveCfg = Release|Any CPU
		{ACC2C526-321C-4E77-AD09-191A63666834}.Release|x86.Build.0 = Release|Any CPU
		{31718324-9F73-4C0A-830F-76A6631A8ED0}.Debug|Any CPU.ActiveCfg = Debug|Any CPU
		{31718324-9F73-4C0A-830F-76A6631A8ED0}.Debug|Any CPU.Build.0 = Debug|Any CPU
		{31718324-9F73-4C0A-830F-76A6631A8ED0}.Debug|x64.ActiveCfg = Debug|Any CPU
		{31718324-9F73-4C0A-830F-76A6631A8ED0}.Debug|x64.Build.0 = Debug|Any CPU
		{31718324-9F73-4C0A-830F-76A6631A8ED0}.Debug|x86.ActiveCfg = Debug|Any CPU
		{31718324-9F73-4C0A-830F-76A6631A8ED0}.Debug|x86.Build.0 = Debug|Any CPU
		{31718324-9F73-4C0A-830F-76A6631A8ED0}.Release|Any CPU.ActiveCfg = Release|Any CPU
		{31718324-9F73-4C0A-830F-76A6631A8ED0}.Release|Any CPU.Build.0 = Release|Any CPU
		{31718324-9F73-4C0A-830F-76A6631A8ED0}.Release|x64.ActiveCfg = Release|Any CPU
		{31718324-9F73-4C0A-830F-76A6631A8ED0}.Release|x64.Build.0 = Release|Any CPU
		{31718324-9F73-4C0A-830F-76A6631A8ED0}.Release|x86.ActiveCfg = Release|Any CPU
		{31718324-9F73-4C0A-830F-76A6631A8ED0}.Release|x86.Build.0 = Release|Any CPU
		{CFD22A08-224E-4BB1-93D8-9619D1148190}.Debug|Any CPU.ActiveCfg = Debug|Any CPU
		{CFD22A08-224E-4BB1-93D8-9619D1148190}.Debug|Any CPU.Build.0 = Debug|Any CPU
		{CFD22A08-224E-4BB1-93D8-9619D1148190}.Debug|x64.ActiveCfg = Debug|Any CPU
		{CFD22A08-224E-4BB1-93D8-9619D1148190}.Debug|x64.Build.0 = Debug|Any CPU
		{CFD22A08-224E-4BB1-93D8-9619D1148190}.Debug|x86.ActiveCfg = Debug|Any CPU
		{CFD22A08-224E-4BB1-93D8-9619D1148190}.Debug|x86.Build.0 = Debug|Any CPU
		{CFD22A08-224E-4BB1-93D8-9619D1148190}.Release|Any CPU.ActiveCfg = Release|Any CPU
		{CFD22A08-224E-4BB1-93D8-9619D1148190}.Release|Any CPU.Build.0 = Release|Any CPU
		{CFD22A08-224E-4BB1-93D8-9619D1148190}.Release|x64.ActiveCfg = Release|Any CPU
		{CFD22A08-224E-4BB1-93D8-9619D1148190}.Release|x64.Build.0 = Release|Any CPU
		{CFD22A08-224E-4BB1-93D8-9619D1148190}.Release|x86.ActiveCfg = Release|Any CPU
		{CFD22A08-224E-4BB1-93D8-9619D1148190}.Release|x86.Build.0 = Release|Any CPU
		{8F223E90-5CD0-4E69-BAF5-23D77DC6EE3E}.Debug|Any CPU.ActiveCfg = Debug|Any CPU
		{8F223E90-5CD0-4E69-BAF5-23D77DC6EE3E}.Debug|Any CPU.Build.0 = Debug|Any CPU
		{8F223E90-5CD0-4E69-BAF5-23D77DC6EE3E}.Debug|x64.ActiveCfg = Debug|Any CPU
		{8F223E90-5CD0-4E69-BAF5-23D77DC6EE3E}.Debug|x64.Build.0 = Debug|Any CPU
		{8F223E90-5CD0-4E69-BAF5-23D77DC6EE3E}.Debug|x86.ActiveCfg = Debug|Any CPU
		{8F223E90-5CD0-4E69-BAF5-23D77DC6EE3E}.Debug|x86.Build.0 = Debug|Any CPU
		{8F223E90-5CD0-4E69-BAF5-23D77DC6EE3E}.Release|Any CPU.ActiveCfg = Release|Any CPU
		{8F223E90-5CD0-4E69-BAF5-23D77DC6EE3E}.Release|Any CPU.Build.0 = Release|Any CPU
		{8F223E90-5CD0-4E69-BAF5-23D77DC6EE3E}.Release|x64.ActiveCfg = Release|Any CPU
		{8F223E90-5CD0-4E69-BAF5-23D77DC6EE3E}.Release|x64.Build.0 = Release|Any CPU
		{8F223E90-5CD0-4E69-BAF5-23D77DC6EE3E}.Release|x86.ActiveCfg = Release|Any CPU
		{8F223E90-5CD0-4E69-BAF5-23D77DC6EE3E}.Release|x86.Build.0 = Release|Any CPU
		{FC6E9894-BA89-451D-8151-F786FED2DDF0}.Debug|Any CPU.ActiveCfg = Debug|Any CPU
		{FC6E9894-BA89-451D-8151-F786FED2DDF0}.Debug|Any CPU.Build.0 = Debug|Any CPU
		{FC6E9894-BA89-451D-8151-F786FED2DDF0}.Debug|x64.ActiveCfg = Debug|Any CPU
		{FC6E9894-BA89-451D-8151-F786FED2DDF0}.Debug|x64.Build.0 = Debug|Any CPU
		{FC6E9894-BA89-451D-8151-F786FED2DDF0}.Debug|x86.ActiveCfg = Debug|Any CPU
		{FC6E9894-BA89-451D-8151-F786FED2DDF0}.Debug|x86.Build.0 = Debug|Any CPU
		{FC6E9894-BA89-451D-8151-F786FED2DDF0}.Release|Any CPU.ActiveCfg = Release|Any CPU
		{FC6E9894-BA89-451D-8151-F786FED2DDF0}.Release|Any CPU.Build.0 = Release|Any CPU
		{FC6E9894-BA89-451D-8151-F786FED2DDF0}.Release|x64.ActiveCfg = Release|Any CPU
		{FC6E9894-BA89-451D-8151-F786FED2DDF0}.Release|x64.Build.0 = Release|Any CPU
		{FC6E9894-BA89-451D-8151-F786FED2DDF0}.Release|x86.ActiveCfg = Release|Any CPU
		{FC6E9894-BA89-451D-8151-F786FED2DDF0}.Release|x86.Build.0 = Release|Any CPU
	EndGlobalSection
	GlobalSection(SolutionProperties) = preSolution
		HideSolutionNode = FALSE
	EndGlobalSection
	GlobalSection(NestedProjects) = preSolution
		{9CC5AAA4-B420-4A36-A45B-5A4EDAF60C0A} = {8EA4DFFF-4161-415A-B2AC-07F30CBFCDFD}
		{A17992B0-0D9D-4664-96FB-572EC793A0B1} = {8EA4DFFF-4161-415A-B2AC-07F30CBFCDFD}
		{A4E92CF8-CB3B-4584-83EC-1703C56CBBFD} = {A17992B0-0D9D-4664-96FB-572EC793A0B1}
		{C69AEC66-54EC-410A-87A4-AF987CC948AB} = {8EA4DFFF-4161-415A-B2AC-07F30CBFCDFD}
		{51925417-1C31-41D9-95FC-F7200D15FB60} = {C69AEC66-54EC-410A-87A4-AF987CC948AB}
		{ACC2C526-321C-4E77-AD09-191A63666834} = {C69AEC66-54EC-410A-87A4-AF987CC948AB}
		{31718324-9F73-4C0A-830F-76A6631A8ED0} = {C69AEC66-54EC-410A-87A4-AF987CC948AB}
		{CFD22A08-224E-4BB1-93D8-9619D1148190} = {0432782B-09CC-4AAC-9885-DED29692D6D0}
		{0432782B-09CC-4AAC-9885-DED29692D6D0} = {9CC5AAA4-B420-4A36-A45B-5A4EDAF60C0A}
		{1E8F6A98-BB6E-4DF4-B398-24917CD513BE} = {9CC5AAA4-B420-4A36-A45B-5A4EDAF60C0A}
		{8F223E90-5CD0-4E69-BAF5-23D77DC6EE3E} = {1E8F6A98-BB6E-4DF4-B398-24917CD513BE}
		{FC6E9894-BA89-451D-8151-F786FED2DDF0} = {1E8F6A98-BB6E-4DF4-B398-24917CD513BE}
	EndGlobalSection
	GlobalSection(ExtensibilityGlobals) = postSolution
		SolutionGuid = {E4F66DC4-D76B-4F58-B265-74609FC5390F}
	EndGlobalSection
EndGlobal
