
Microsoft Visual Studio Solution File, Format Version 12.00
# Visual Studio 15
VisualStudioVersion = 15.0.26124.0
MinimumVisualStudioVersion = 15.0.26124.0
Project("{2150E333-8FDC-42A3-9474-1A3956D46DE8}") = "src", "src", "{8EA4DFFF-4161-415A-B2AC-07F30CBFCDFD}"
EndProject
Project("{2150E333-8FDC-42A3-9474-1A3956D46DE8}") = "host", "host", "{A17992B0-0D9D-4664-96FB-572EC793A0B1}"
EndProject
Project("{2150E333-8FDC-42A3-9474-1A3956D46DE8}") = "data", "data", "{C69AEC66-54EC-410A-87A4-AF987CC948AB}"
EndProject
Project("{9A19103F-16F7-4668-BE54-9A1E7A4F7556}") = "MLC.General.Repo", "src\services\repository\MLC.General.Repo.csproj", "{ACC2C526-321C-4E77-AD09-191A63666834}"
EndProject
Project("{9A19103F-16F7-4668-BE54-9A1E7A4F7556}") = "MLC.General.Domain", "src\services\Model\MLC.General.Domain.csproj", "{31718324-9F73-4C0A-830F-76A6631A8ED0}"
EndProject
Project("{2150E333-8FDC-42A3-9474-1A3956D46DE8}") = "core", "core", "{1E8F6A98-BB6E-4DF4-B398-24917CD513BE}"
EndProject
Project("{9A19103F-16F7-4668-BE54-9A1E7A4F7556}") = "MLC.Core", "src\core\basic\MLC.Core.csproj", "{8F223E90-5CD0-4E69-BAF5-23D77DC6EE3E}"
EndProject
Project("{9A19103F-16F7-4668-BE54-9A1E7A4F7556}") = "MLC.Core.Repository", "src\core\repository\MLC.Core.Repository.csproj", "{FC6E9894-BA89-451D-8151-F786FED2DDF0}"
EndProject
Project("{9A19103F-16F7-4668-BE54-9A1E7A4F7556}") = "MLC.General.Contract", "src\host\contract\MLC.General.Contract.csproj", "{3F5731FB-5FCB-483D-BC46-4C88D21A9E3A}"
EndProject
Project("{FAE04EC0-301F-11D3-BF4B-00C04F79EFBC}") = "MLC.General.Services", "src\services\MLC.General.Services\MLC.General.Services.csproj", "{8B97A864-8CC4-488B-BD05-F2D49D2A634D}"
EndProject
Project("{FAE04EC0-301F-11D3-BF4B-00C04F79EFBC}") = "MLC.General.WebApi", "src\host\MLC.General.WebApi\MLC.General.WebApi.csproj", "{3EF48912-21A7-497D-B1B0-0162275A2D98}"
EndProject
Global
	GlobalSection(SolutionConfigurationPlatforms) = preSolution
		Debug|Any CPU = Debug|Any CPU
		Debug|x64 = Debug|x64
		Debug|x86 = Debug|x86
		Release|Any CPU = Release|Any CPU
		Release|x64 = Release|x64
		Release|x86 = Release|x86
	EndGlobalSection
	GlobalSection(ProjectConfigurationPlatforms) = postSolution
		{ACC2C526-321C-4E77-AD09-191A63666834}.Debug|Any CPU.ActiveCfg = Debug|Any CPU
		{ACC2C526-321C-4E77-AD09-191A63666834}.Debug|Any CPU.Build.0 = Debug|Any CPU
		{ACC2C526-321C-4E77-AD09-191A63666834}.Debug|x64.ActiveCfg = Debug|Any CPU
		{ACC2C526-321C-4E77-AD09-191A63666834}.Debug|x64.Build.0 = Debug|Any CPU
		{ACC2C526-321C-4E77-AD09-191A63666834}.Debug|x86.ActiveCfg = Debug|Any CPU
		{ACC2C526-321C-4E77-AD09-191A63666834}.Debug|x86.Build.0 = Debug|Any CPU
		{ACC2C526-321C-4E77-AD09-191A63666834}.Release|Any CPU.ActiveCfg = Release|Any CPU
		{ACC2C526-321C-4E77-AD09-191A63666834}.Release|Any CPU.Build.0 = Release|Any CPU
		{ACC2C526-321C-4E77-AD09-191A63666834}.Release|x64.ActiveCfg = Release|Any CPU
		{ACC2C526-321C-4E77-AD09-191A63666834}.Release|x64.Build.0 = Release|Any CPU
		{ACC2C526-321C-4E77-AD09-191A63666834}.Release|x86.ActiveCfg = Release|Any CPU
		{ACC2C526-321C-4E77-AD09-191A63666834}.Release|x86.Build.0 = Release|Any CPU
		{31718324-9F73-4C0A-830F-76A6631A8ED0}.Debug|Any CPU.ActiveCfg = Debug|Any CPU
		{31718324-9F73-4C0A-830F-76A6631A8ED0}.Debug|Any CPU.Build.0 = Debug|Any CPU
		{31718324-9F73-4C0A-830F-76A6631A8ED0}.Debug|x64.ActiveCfg = Debug|Any CPU
		{31718324-9F73-4C0A-830F-76A6631A8ED0}.Debug|x64.Build.0 = Debug|Any CPU
		{31718324-9F73-4C0A-830F-76A6631A8ED0}.Debug|x86.ActiveCfg = Debug|Any CPU
		{31718324-9F73-4C0A-830F-76A6631A8ED0}.Debug|x86.Build.0 = Debug|Any CPU
		{31718324-9F73-4C0A-830F-76A6631A8ED0}.Release|Any CPU.ActiveCfg = Release|Any CPU
		{31718324-9F73-4C0A-830F-76A6631A8ED0}.Release|Any CPU.Build.0 = Release|Any CPU
		{31718324-9F73-4C0A-830F-76A6631A8ED0}.Release|x64.ActiveCfg = Release|Any CPU
		{31718324-9F73-4C0A-830F-76A6631A8ED0}.Release|x64.Build.0 = Release|Any CPU
		{31718324-9F73-4C0A-830F-76A6631A8ED0}.Release|x86.ActiveCfg = Release|Any CPU
		{31718324-9F73-4C0A-830F-76A6631A8ED0}.Release|x86.Build.0 = Release|Any CPU
		{8F223E90-5CD0-4E69-BAF5-23D77DC6EE3E}.Debug|Any CPU.ActiveCfg = Debug|Any CPU
		{8F223E90-5CD0-4E69-BAF5-23D77DC6EE3E}.Debug|Any CPU.Build.0 = Debug|Any CPU
		{8F223E90-5CD0-4E69-BAF5-23D77DC6EE3E}.Debug|x64.ActiveCfg = Debug|Any CPU
		{8F223E90-5CD0-4E69-BAF5-23D77DC6EE3E}.Debug|x64.Build.0 = Debug|Any CPU
		{8F223E90-5CD0-4E69-BAF5-23D77DC6EE3E}.Debug|x86.ActiveCfg = Debug|Any CPU
		{8F223E90-5CD0-4E69-BAF5-23D77DC6EE3E}.Debug|x86.Build.0 = Debug|Any CPU
		{8F223E90-5CD0-4E69-BAF5-23D77DC6EE3E}.Release|Any CPU.ActiveCfg = Release|Any CPU
		{8F223E90-5CD0-4E69-BAF5-23D77DC6EE3E}.Release|Any CPU.Build.0 = Release|Any CPU
		{8F223E90-5CD0-4E69-BAF5-23D77DC6EE3E}.Release|x64.ActiveCfg = Release|Any CPU
		{8F223E90-5CD0-4E69-BAF5-23D77DC6EE3E}.Release|x64.Build.0 = Release|Any CPU
		{8F223E90-5CD0-4E69-BAF5-23D77DC6EE3E}.Release|x86.ActiveCfg = Release|Any CPU
		{8F223E90-5CD0-4E69-BAF5-23D77DC6EE3E}.Release|x86.Build.0 = Release|Any CPU
		{FC6E9894-BA89-451D-8151-F786FED2DDF0}.Debug|Any CPU.ActiveCfg = Debug|Any CPU
		{FC6E9894-BA89-451D-8151-F786FED2DDF0}.Debug|Any CPU.Build.0 = Debug|Any CPU
		{FC6E9894-BA89-451D-8151-F786FED2DDF0}.Debug|x64.ActiveCfg = Debug|Any CPU
		{FC6E9894-BA89-451D-8151-F786FED2DDF0}.Debug|x64.Build.0 = Debug|Any CPU
		{FC6E9894-BA89-451D-8151-F786FED2DDF0}.Debug|x86.ActiveCfg = Debug|Any CPU
		{FC6E9894-BA89-451D-8151-F786FED2DDF0}.Debug|x86.Build.0 = Debug|Any CPU
		{FC6E9894-BA89-451D-8151-F786FED2DDF0}.Release|Any CPU.ActiveCfg = Release|Any CPU
		{FC6E9894-BA89-451D-8151-F786FED2DDF0}.Release|Any CPU.Build.0 = Release|Any CPU
		{FC6E9894-BA89-451D-8151-F786FED2DDF0}.Release|x64.ActiveCfg = Release|Any CPU
		{FC6E9894-BA89-451D-8151-F786FED2DDF0}.Release|x64.Build.0 = Release|Any CPU
		{FC6E9894-BA89-451D-8151-F786FED2DDF0}.Release|x86.ActiveCfg = Release|Any CPU
		{FC6E9894-BA89-451D-8151-F786FED2DDF0}.Release|x86.Build.0 = Release|Any CPU
		{3F5731FB-5FCB-483D-BC46-4C88D21A9E3A}.Debug|Any CPU.ActiveCfg = Debug|Any CPU
		{3F5731FB-5FCB-483D-BC46-4C88D21A9E3A}.Debug|Any CPU.Build.0 = Debug|Any CPU
		{3F5731FB-5FCB-483D-BC46-4C88D21A9E3A}.Debug|x64.ActiveCfg = Debug|Any CPU
		{3F5731FB-5FCB-483D-BC46-4C88D21A9E3A}.Debug|x64.Build.0 = Debug|Any CPU
		{3F5731FB-5FCB-483D-BC46-4C88D21A9E3A}.Debug|x86.ActiveCfg = Debug|Any CPU
		{3F5731FB-5FCB-483D-BC46-4C88D21A9E3A}.Debug|x86.Build.0 = Debug|Any CPU
		{3F5731FB-5FCB-483D-BC46-4C88D21A9E3A}.Release|Any CPU.ActiveCfg = Release|Any CPU
		{3F5731FB-5FCB-483D-BC46-4C88D21A9E3A}.Release|Any CPU.Build.0 = Release|Any CPU
		{3F5731FB-5FCB-483D-BC46-4C88D21A9E3A}.Release|x64.ActiveCfg = Release|Any CPU
		{3F5731FB-5FCB-483D-BC46-4C88D21A9E3A}.Release|x64.Build.0 = Release|Any CPU
		{3F5731FB-5FCB-483D-BC46-4C88D21A9E3A}.Release|x86.ActiveCfg = Release|Any CPU
		{3F5731FB-5FCB-483D-BC46-4C88D21A9E3A}.Release|x86.Build.0 = Release|Any CPU
		{8B97A864-8CC4-488B-BD05-F2D49D2A634D}.Debug|Any CPU.ActiveCfg = Debug|Any CPU
		{8B97A864-8CC4-488B-BD05-F2D49D2A634D}.Debug|Any CPU.Build.0 = Debug|Any CPU
		{8B97A864-8CC4-488B-BD05-F2D49D2A634D}.Debug|x64.ActiveCfg = Debug|Any CPU
		{8B97A864-8CC4-488B-BD05-F2D49D2A634D}.Debug|x64.Build.0 = Debug|Any CPU
		{8B97A864-8CC4-488B-BD05-F2D49D2A634D}.Debug|x86.ActiveCfg = Debug|Any CPU
		{8B97A864-8CC4-488B-BD05-F2D49D2A634D}.Debug|x86.Build.0 = Debug|Any CPU
		{8B97A864-8CC4-488B-BD05-F2D49D2A634D}.Release|Any CPU.ActiveCfg = Release|Any CPU
		{8B97A864-8CC4-488B-BD05-F2D49D2A634D}.Release|Any CPU.Build.0 = Release|Any CPU
		{8B97A864-8CC4-488B-BD05-F2D49D2A634D}.Release|x64.ActiveCfg = Release|Any CPU
		{8B97A864-8CC4-488B-BD05-F2D49D2A634D}.Release|x64.Build.0 = Release|Any CPU
		{8B97A864-8CC4-488B-BD05-F2D49D2A634D}.Release|x86.ActiveCfg = Release|Any CPU
		{8B97A864-8CC4-488B-BD05-F2D49D2A634D}.Release|x86.Build.0 = Release|Any CPU
		{3EF48912-21A7-497D-B1B0-0162275A2D98}.Debug|Any CPU.ActiveCfg = Debug|Any CPU
		{3EF48912-21A7-497D-B1B0-0162275A2D98}.Debug|Any CPU.Build.0 = Debug|Any CPU
		{3EF48912-21A7-497D-B1B0-0162275A2D98}.Debug|x64.ActiveCfg = Debug|Any CPU
		{3EF48912-21A7-497D-B1B0-0162275A2D98}.Debug|x64.Build.0 = Debug|Any CPU
		{3EF48912-21A7-497D-B1B0-0162275A2D98}.Debug|x86.ActiveCfg = Debug|Any CPU
		{3EF48912-21A7-497D-B1B0-0162275A2D98}.Debug|x86.Build.0 = Debug|Any CPU
		{3EF48912-21A7-497D-B1B0-0162275A2D98}.Release|Any CPU.ActiveCfg = Release|Any CPU
		{3EF48912-21A7-497D-B1B0-0162275A2D98}.Release|Any CPU.Build.0 = Release|Any CPU
		{3EF48912-21A7-497D-B1B0-0162275A2D98}.Release|x64.ActiveCfg = Release|Any CPU
		{3EF48912-21A7-497D-B1B0-0162275A2D98}.Release|x64.Build.0 = Release|Any CPU
		{3EF48912-21A7-497D-B1B0-0162275A2D98}.Release|x86.ActiveCfg = Release|Any CPU
		{3EF48912-21A7-497D-B1B0-0162275A2D98}.Release|x86.Build.0 = Release|Any CPU
	EndGlobalSection
	GlobalSection(SolutionProperties) = preSolution
		HideSolutionNode = FALSE
	EndGlobalSection
	GlobalSection(NestedProjects) = preSolution
		{A17992B0-0D9D-4664-96FB-572EC793A0B1} = {8EA4DFFF-4161-415A-B2AC-07F30CBFCDFD}
		{C69AEC66-54EC-410A-87A4-AF987CC948AB} = {8EA4DFFF-4161-415A-B2AC-07F30CBFCDFD}
		{ACC2C526-321C-4E77-AD09-191A63666834} = {C69AEC66-54EC-410A-87A4-AF987CC948AB}
		{31718324-9F73-4C0A-830F-76A6631A8ED0} = {C69AEC66-54EC-410A-87A4-AF987CC948AB}
		{8F223E90-5CD0-4E69-BAF5-23D77DC6EE3E} = {1E8F6A98-BB6E-4DF4-B398-24917CD513BE}
		{FC6E9894-BA89-451D-8151-F786FED2DDF0} = {1E8F6A98-BB6E-4DF4-B398-24917CD513BE}
		{3F5731FB-5FCB-483D-BC46-4C88D21A9E3A} = {A17992B0-0D9D-4664-96FB-572EC793A0B1}
		{8B97A864-8CC4-488B-BD05-F2D49D2A634D} = {A17992B0-0D9D-4664-96FB-572EC793A0B1}
		{3EF48912-21A7-497D-B1B0-0162275A2D98} = {A17992B0-0D9D-4664-96FB-572EC793A0B1}
	EndGlobalSection
	GlobalSection(ExtensibilityGlobals) = postSolution
		SolutionGuid = {E4F66DC4-D76B-4F58-B265-74609FC5390F}
	EndGlobalSection
EndGlobal
